
Microsoft Visual Studio Solution File, Format Version 12.00
# Visual Studio 15
VisualStudioVersion = 15.0.28010.2050
MinimumVisualStudioVersion = 10.0.40219.1
Project("{FAE04EC0-301F-11D3-BF4B-00C04F79EFBC}") = "ArbolB", "ArbolB\ArbolB.csproj", "{40ACBDC5-B0A4-4D5D-B135-585281C91D09}"
EndProject
Global
	GlobalSection(SolutionConfigurationPlatforms) = preSolution
		Debug|Any CPU = Debug|Any CPU
		Release|Any CPU = Release|Any CPU
	EndGlobalSection
	GlobalSection(ProjectConfigurationPlatforms) = postSolution
		{40ACBDC5-B0A4-4D5D-B135-585281C91D09}.Debug|Any CPU.ActiveCfg = Debug|Any CPU
		{40ACBDC5-B0A4-4D5D-B135-585281C91D09}.Debug|Any CPU.Build.0 = Debug|Any CPU
		{40ACBDC5-B0A4-4D5D-B135-585281C91D09}.Release|Any CPU.ActiveCfg = Release|Any CPU
		{40ACBDC5-B0A4-4D5D-B135-585281C91D09}.Release|Any CPU.Build.0 = Release|Any CPU
	EndGlobalSection
	GlobalSection(SolutionProperties) = preSolution
		HideSolutionNode = FALSE
	EndGlobalSection
	GlobalSection(ExtensibilityGlobals) = postSolution
		SolutionGuid = {2E1A176E-BE80-4B02-BF77-B1163D8E89F6}
	EndGlobalSection
EndGlobal
